{
  "pins" : [
    {
      "identity" : "viewontouch",
      "kind" : "remoteSourceControl",
      "location" : "https://github.com/Jnis/ViewOnTouch.git",
      "state" : {
        "revision" : "1301fe4ac980cffd181ec3e4e612698ac48f88e3",
        "version" : "1.0.0"
      }
    }
  ],
  "version" : 2
}
