{
  "pins" : [
    {
      "identity" : "viewontouch",
      "kind" : "remoteSourceControl",
      "location" : "https://github.com/Jnis/ViewOnTouch.git",
      "state" : {
        "revision" : "1e685f730dd7895be7bc64544bd382e8ba0f62a0",
        "version" : "1.0.0"
      }
    }
  ],
  "version" : 2
}
