{
  "pins" : [
    {
      "identity" : "swiftuirippleeffect",
      "kind" : "remoteSourceControl",
      "location" : "https://github.com/Jnis/SwiftUIRippleEffect.git",
      "state" : {
        "branch" : "main",
        "revision" : "66160818410e6e92f27c1be9f2584ac1ed76a6e8"
      }
    },
    {
      "identity" : "viewontouch",
      "kind" : "remoteSourceControl",
      "location" : "https://github.com/Jnis/ViewOnTouch.git",
      "state" : {
        "revision" : "1301fe4ac980cffd181ec3e4e612698ac48f88e3",
        "version" : "1.0.0"
      }
    }
  ],
  "version" : 2
}
