{
  "originHash" : "b5a89a0592790d5a62928dce0845872df3ba5dd2005af75a5d9e270b8d8b058a",
  "pins" : [
    {
      "identity" : "viewontouch",
      "kind" : "remoteSourceControl",
      "location" : "https://github.com/Jnis/ViewOnTouch.git",
      "state" : {
        "revision" : "4e6dec1b12ed6b5676f21afaf9d2fb2101ddc1fe",
        "version" : "1.0.3"
      }
    }
  ],
  "version" : 3
}
